github.com/526avijitgupta/gokarna v0.0.0-20240425003325-b3e971bf32e4 h1:VKXrgUAjTQ2OjjcWpeCHpuz1ryENVFvF6PPJIDRuyu4=
github.com/526avijitgupta/gokarna v0.0.0-20240425003325-b3e971bf32e4/go.mod h1:v34Pn8p/EFQ1WnVF43/Vis+6u+vdB795sYEGshBHFSs=
github.com/526avijitgupta/gokarna v0.0.0-20240726135022-0976e9433da2 h1:t0JGY1KsgAcTN4CyZ5n2P2wd52l9ANCP8oF8vKxUrck=
github.com/526avijitgupta/gokarna v0.0.0-20240726135022-0976e9433da2/go.mod h1:v34Pn8p/EFQ1WnVF43/Vis+6u+vdB795sYEGshBHFSs=
github.com/spf13/hyde v1.1.0 h1:ZKOakmybNrsaUQCZsf/XwwGIp6NHjUuU3klBgVuoees=
github.com/spf13/hyde v1.1.0/go.mod h1:CSmLWCbXXInaA5zAkwAQ0EbwpR7Pe74eSmDxdGspoCY=
